
Microsoft Visual Studio Solution File, Format Version 12.00
# Visual Studio 15
VisualStudioVersion = 15.0.28307.902
MinimumVisualStudioVersion = 10.0.40219.1
Project("{FAE04EC0-301F-11D3-BF4B-00C04F79EFBC}") = "DemoWNC", "DemoWinNC\DemoWNC.csproj", "{7AEC1351-96AA-421B-8E28-B0770838D30A}"
EndProject
Project("{FAE04EC0-301F-11D3-BF4B-00C04F79EFBC}") = "DAL_WareHouse", "DAL_WareHouse\DAL_WareHouse.csproj", "{6C7838E5-7A94-4D3B-8106-C42FF3636AD2}"
EndProject
Global
	GlobalSection(SolutionConfigurationPlatforms) = preSolution
		Debug|Any CPU = Debug|Any CPU
		Release|Any CPU = Release|Any CPU
	EndGlobalSection
	GlobalSection(ProjectConfigurationPlatforms) = postSolution
		{7AEC1351-96AA-421B-8E28-B0770838D30A}.Debug|Any CPU.ActiveCfg = Debug|Any CPU
		{7AEC1351-96AA-421B-8E28-B0770838D30A}.Debug|Any CPU.Build.0 = Debug|Any CPU
		{7AEC1351-96AA-421B-8E28-B0770838D30A}.Release|Any CPU.ActiveCfg = Release|Any CPU
		{7AEC1351-96AA-421B-8E28-B0770838D30A}.Release|Any CPU.Build.0 = Release|Any CPU
		{6C7838E5-7A94-4D3B-8106-C42FF3636AD2}.Debug|Any CPU.ActiveCfg = Debug|Any CPU
		{6C7838E5-7A94-4D3B-8106-C42FF3636AD2}.Debug|Any CPU.Build.0 = Debug|Any CPU
		{6C7838E5-7A94-4D3B-8106-C42FF3636AD2}.Release|Any CPU.ActiveCfg = Release|Any CPU
		{6C7838E5-7A94-4D3B-8106-C42FF3636AD2}.Release|Any CPU.Build.0 = Release|Any CPU
	EndGlobalSection
	GlobalSection(SolutionProperties) = preSolution
		HideSolutionNode = FALSE
	EndGlobalSection
	GlobalSection(ExtensibilityGlobals) = postSolution
		SolutionGuid = {ED996467-E579-4101-864D-1C2F6F667FF8}
	EndGlobalSection
EndGlobal
